PODS:
  - Alamofire (3.4.1)
  - CocoaAsyncSocket (7.4.3):
    - CocoaAsyncSocket/All (= 7.4.3)
  - CocoaAsyncSocket/All (7.4.3):
    - CocoaAsyncSocket/GCD
    - CocoaAsyncSocket/RunLoop
  - CocoaAsyncSocket/GCD (7.4.3)
  - CocoaAsyncSocket/RunLoop (7.4.3)
  - CocoaMQTT (1.0.7):
    - CocoaAsyncSocket (~> 7.4.2)
    - MSWeakTimer (~> 1.1.0)
  - Lockbox (3.0.0)
  - MSWeakTimer (1.1.0)
  - ReactiveCocoa (4.2.1):
    - Result (~> 2.0)
  - Result (2.1.2)
  - VoyagerGenericEncryptionSDK (0.2.19):
    - Lockbox (~> 3.0.0)

DEPENDENCIES:
  - Alamofire (= 3.4.1)
  - CocoaMQTT (= 1.0.7)
  - ReactiveCocoa (= 4.2.1)
  - VoyagerGenericEncryptionSDK (= 0.2.19)

SPEC CHECKSUMS:
  Alamofire: 01a82e2f6c0f860ade35534c8dd88be61bdef40c
  CocoaAsyncSocket: a18c75dca4b08723628a0bacca6e94803d90be91
  CocoaMQTT: 28160fd4f599285000b8f321d4f11a6fb0d48d01
  Lockbox: 3b23507064de0bfcd772f54eddf41064d4152703
  MSWeakTimer: 9426150f933b80ed3acf3f6d228e4b61f0e303c8
  ReactiveCocoa: 5a42745f11ea236f405bb9ce5e97c5e3b23562dd
  Result: 6e722d4a66b1408680dbfcdf51c0b1c4b706316a
  VoyagerGenericEncryptionSDK: 0639b7f602c2f0390d07678ce8e259e880765932

PODFILE CHECKSUM: 625ef21069802d6f2b3deb1442afab0dee37b1ea

COCOAPODS: 1.0.1
