// !$*UTF8*$!
{
	archiveVersion = 1;
	classes = {
	};
	objectVersion = 46;
	objects = {

/* Begin PBXBuildFile section */
		F48D8DFC1D3627B3006A9300 /* AppDelegate.swift in Sources */ = {isa = PBXBuildFile; fileRef = F48D8DFB1D3627B3006A9300 /* AppDelegate.swift */; };
		F48D8DFE1D3627B3006A9300 /* ViewController.swift in Sources */ = {isa = PBXBuildFile; fileRef = F48D8DFD1D3627B3006A9300 /* ViewController.swift */; };
		F48D8E011D3627B3006A9300 /* Main.storyboard in Resources */ = {isa = PBXBuildFile; fileRef = F48D8DFF1D3627B3006A9300 /* Main.storyboard */; };
		F48D8E041D3627B3006A9300 /* MQTTSampleApp.xcdatamodeld in Sources */ = {isa = PBXBuildFile; fileRef = F48D8E021D3627B3006A9300 /* MQTTSampleApp.xcdatamodeld */; };
		F48D8E061D3627B3006A9300 /* Assets.xcassets in Resources */ = {isa = PBXBuildFile; fileRef = F48D8E051D3627B3006A9300 /* Assets.xcassets */; };
		F48D8E091D3627B3006A9300 /* LaunchScreen.storyboard in Resources */ = {isa = PBXBuildFile; fileRef = F48D8E071D3627B3006A9300 /* LaunchScreen.storyboard */; };
		F48D8E141D3627B3006A9300 /* MQTTSampleAppTests.swift in Sources */ = {isa = PBXBuildFile; fileRef = F48D8E131D3627B3006A9300 /* MQTTSampleAppTests.swift */; };
/* End PBXBuildFile section */

/* Begin PBXContainerItemProxy section */
		F48D8E101D3627B3006A9300 /* PBXContainerItemProxy */ = {
			isa = PBXContainerItemProxy;
			containerPortal = F48D8DF01D3627B3006A9300 /* Project object */;
			proxyType = 1;
			remoteGlobalIDString = F48D8DF71D3627B3006A9300;
			remoteInfo = MQTTSampleApp;
		};
/* End PBXContainerItemProxy section */

/* Begin PBXFileReference section */
		F48D8DF81D3627B3006A9300 /* MQTTSampleApp.app */ = {isa = PBXFileReference; explicitFileType = wrapper.application; includeInIndex = 0; path = MQTTSampleApp.app; sourceTree = BUILT_PRODUCTS_DIR; };
		F48D8DFB1D3627B3006A9300 /* AppDelegate.swift */ = {isa = PBXFileReference; lastKnownFileType = sourcecode.swift; path = AppDelegate.swift; sourceTree = "<group>"; };
		F48D8DFD1D3627B3006A9300 /* ViewController.swift */ = {isa = PBXFileReference; lastKnownFileType = sourcecode.swift; path = ViewController.swift; sourceTree = "<group>"; };
		F48D8E001D3627B3006A9300 /* Base */ = {isa = PBXFileReference; lastKnownFileType = file.storyboard; name = Base; path = Base.lproj/Main.storyboard; sourceTree = "<group>"; };
		F48D8E031D3627B3006A9300 /* MQTTSampleApp.xcdatamodel */ = {isa = PBXFileReference; lastKnownFileType = wrapper.xcdatamodel; path = MQTTSampleApp.xcdatamodel; sourceTree = "<group>"; };
		F48D8E051D3627B3006A9300 /* Assets.xcassets */ = {isa = PBXFileReference; lastKnownFileType = folder.assetcatalog; path = Assets.xcassets; sourceTree = "<group>"; };
		F48D8E081D3627B3006A9300 /* Base */ = {isa = PBXFileReference; lastKnownFileType = file.storyboard; name = Base; path = Base.lproj/LaunchScreen.storyboard; sourceTree = "<group>"; };
		F48D8E0A1D3627B3006A9300 /* Info.plist */ = {isa = PBXFileReference; lastKnownFileType = text.plist.xml; path = Info.plist; sourceTree = "<group>"; };
		F48D8E0F1D3627B3006A9300 /* MQTTSampleAppTests.xctest */ = {isa = PBXFileReference; explicitFileType = wrapper.cfbundle; includeInIndex = 0; path = MQTTSampleAppTests.xctest; sourceTree = BUILT_PRODUCTS_DIR; };
		F48D8E131D3627B3006A9300 /* MQTTSampleAppTests.swift */ = {isa = PBXFileReference; lastKnownFileType = sourcecode.swift; path = MQTTSampleAppTests.swift; sourceTree = "<group>"; };
		F48D8E151D3627B3006A9300 /* Info.plist */ = {isa = PBXFileReference; lastKnownFileType = text.plist.xml; path = Info.plist; sourceTree = "<group>"; };
/* End PBXFileReference section */

/* Begin PBXFrameworksBuildPhase section */
		F48D8DF51D3627B3006A9300 /* Frameworks */ = {
			isa = PBXFrameworksBuildPhase;
			buildActionMask = 2147483647;
			files = (
			);
			runOnlyForDeploymentPostprocessing = 0;
		};
		F48D8E0C1D3627B3006A9300 /* Frameworks */ = {
			isa = PBXFrameworksBuildPhase;
			buildActionMask = 2147483647;
			files = (
			);
			runOnlyForDeploymentPostprocessing = 0;
		};
/* End PBXFrameworksBuildPhase section */

/* Begin PBXGroup section */
		F48D8DEF1D3627B3006A9300 = {
			isa = PBXGroup;
			children = (
				F48D8DFA1D3627B3006A9300 /* MQTTSampleApp */,
				F48D8E121D3627B3006A9300 /* MQTTSampleAppTests */,
				F48D8DF91D3627B3006A9300 /* Products */,
			);
			sourceTree = "<group>";
		};
		F48D8DF91D3627B3006A9300 /* Products */ = {
			isa = PBXGroup;
			children = (
				F48D8DF81D3627B3006A9300 /* MQTTSampleApp.app */,
				F48D8E0F1D3627B3006A9300 /* MQTTSampleAppTests.xctest */,
			);
			name = Products;
			sourceTree = "<group>";
		};
		F48D8DFA1D3627B3006A9300 /* MQTTSampleApp */ = {
			isa = PBXGroup;
			children = (
				F48D8DFB1D3627B3006A9300 /* AppDelegate.swift */,
				F48D8DFD1D3627B3006A9300 /* ViewController.swift */,
				F48D8DFF1D3627B3006A9300 /* Main.storyboard */,
				F48D8E051D3627B3006A9300 /* Assets.xcassets */,
				F48D8E071D3627B3006A9300 /* LaunchScreen.storyboard */,
				F48D8E0A1D3627B3006A9300 /* Info.plist */,
				F48D8E021D3627B3006A9300 /* MQTTSampleApp.xcdatamodeld */,
			);
			path = MQTTSampleApp;
			sourceTree = "<group>";
		};
		F48D8E121D3627B3006A9300 /* MQTTSampleAppTests */ = {
			isa = PBXGroup;
			children = (
				F48D8E131D3627B3006A9300 /* MQTTSampleAppTests.swift */,
				F48D8E151D3627B3006A9300 /* Info.plist */,
			);
			path = MQTTSampleAppTests;
			sourceTree = "<group>";
		};
/* End PBXGroup section */

/* Begin PBXNativeTarget section */
		F48D8DF71D3627B3006A9300 /* MQTTSampleApp */ = {
			isa = PBXNativeTarget;
			buildConfigurationList = F48D8E181D3627B3006A9300 /* Build configuration list for PBXNativeTarget "MQTTSampleApp" */;
			buildPhases = (
				F48D8DF41D3627B3006A9300 /* Sources */,
				F48D8DF51D3627B3006A9300 /* Frameworks */,
				F48D8DF61D3627B3006A9300 /* Resources */,
			);
			buildRules = (
			);
			dependencies = (
			);
			name = MQTTSampleApp;
			productName = MQTTSampleApp;
			productReference = F48D8DF81D3627B3006A9300 /* MQTTSampleApp.app */;
			productType = "com.apple.product-type.application";
		};
		F48D8E0E1D3627B3006A9300 /* MQTTSampleAppTests */ = {
			isa = PBXNativeTarget;
			buildConfigurationList = F48D8E1B1D3627B3006A9300 /* Build configuration list for PBXNativeTarget "MQTTSampleAppTests" */;
			buildPhases = (
				F48D8E0B1D3627B3006A9300 /* Sources */,
				F48D8E0C1D3627B3006A9300 /* Frameworks */,
				F48D8E0D1D3627B3006A9300 /* Resources */,
			);
			buildRules = (
			);
			dependencies = (
				F48D8E111D3627B3006A9300 /* PBXTargetDependency */,
			);
			name = MQTTSampleAppTests;
			productName = MQTTSampleAppTests;
			productReference = F48D8E0F1D3627B3006A9300 /* MQTTSampleAppTests.xctest */;
			productType = "com.apple.product-type.bundle.unit-test";
		};
/* End PBXNativeTarget section */

/* Begin PBXProject section */
		F48D8DF01D3627B3006A9300 /* Project object */ = {
			isa = PBXProject;
			attributes = {
				LastSwiftUpdateCheck = 0730;
				LastUpgradeCheck = 0730;
				ORGANIZATIONNAME = "Voyager Innovations Inc.";
				TargetAttributes = {
					F48D8DF71D3627B3006A9300 = {
						CreatedOnToolsVersion = 7.3.1;
					};
					F48D8E0E1D3627B3006A9300 = {
						CreatedOnToolsVersion = 7.3.1;
						TestTargetID = F48D8DF71D3627B3006A9300;
					};
				};
			};
			buildConfigurationList = F48D8DF31D3627B3006A9300 /* Build configuration list for PBXProject "MQTTSampleApp" */;
			compatibilityVersion = "Xcode 3.2";
			developmentRegion = English;
			hasScannedForEncodings = 0;
			knownRegions = (
				en,
				Base,
			);
			mainGroup = F48D8DEF1D3627B3006A9300;
			productRefGroup = F48D8DF91D3627B3006A9300 /* Products */;
			projectDirPath = "";
			projectRoot = "";
			targets = (
				F48D8DF71D3627B3006A9300 /* MQTTSampleApp */,
				F48D8E0E1D3627B3006A9300 /* MQTTSampleAppTests */,
			);
		};
/* End PBXProject section */

/* Begin PBXResourcesBuildPhase section */
		F48D8DF61D3627B3006A9300 /* Resources */ = {
			isa = PBXResourcesBuildPhase;
			buildActionMask = 2147483647;
			files = (
				F48D8E091D3627B3006A9300 /* LaunchScreen.storyboard in Resources */,
				F48D8E061D3627B3006A9300 /* Assets.xcassets in Resources */,
				F48D8E011D3627B3006A9300 /* Main.storyboard in Resources */,
			);
			runOnlyForDeploymentPostprocessing = 0;
		};
		F48D8E0D1D3627B3006A9300 /* Resources */ = {
			isa = PBXResourcesBuildPhase;
			buildActionMask = 2147483647;
			files = (
			);
			runOnlyForDeploymentPostprocessing = 0;
		};
/* End PBXResourcesBuildPhase section */

/* Begin PBXSourcesBuildPhase section */
		F48D8DF41D3627B3006A9300 /* Sources */ = {
			isa = PBXSourcesBuildPhase;
			buildActionMask = 2147483647;
			files = (
				F48D8DFE1D3627B3006A9300 /* ViewController.swift in Sources */,
				F48D8DFC1D3627B3006A9300 /* AppDelegate.swift in Sources */,
				F48D8E041D3627B3006A9300 /* MQTTSampleApp.xcdatamodeld in Sources */,
			);
			runOnlyForDeploymentPostprocessing = 0;
		};
		F48D8E0B1D3627B3006A9300 /* Sources */ = {
			isa = PBXSourcesBuildPhase;
			buildActionMask = 2147483647;
			files = (
				F48D8E141D3627B3006A9300 /* MQTTSampleAppTests.swift in Sources */,
			);
			runOnlyForDeploymentPostprocessing = 0;
		};
/* End PBXSourcesBuildPhase section */

/* Begin PBXTargetDependency section */
		F48D8E111D3627B3006A9300 /* PBXTargetDependency */ = {
			isa = PBXTargetDependency;
			target = F48D8DF71D3627B3006A9300 /* MQTTSampleApp */;
			targetProxy = F48D8E101D3627B3006A9300 /* PBXContainerItemProxy */;
		};
/* End PBXTargetDependency section */

/* Begin PBXVariantGroup section */
		F48D8DFF1D3627B3006A9300 /* Main.storyboard */ = {
			isa = PBXVariantGroup;
			children = (
				F48D8E001D3627B3006A9300 /* Base */,
			);
			name = Main.storyboard;
			sourceTree = "<group>";
		};
		F48D8E071D3627B3006A9300 /* LaunchScreen.storyboard */ = {
			isa = PBXVariantGroup;
			children = (
				F48D8E081D3627B3006A9300 /* Base */,
			);
			name = LaunchScreen.storyboard;
			sourceTree = "<group>";
		};
/* End PBXVariantGroup section */

/* Begin XCBuildConfiguration section */
		F48D8E161D3627B3006A9300 /* Debug */ = {
			isa = XCBuildConfiguration;
			buildSettings = {
				ALWAYS_SEARCH_USER_PATHS = NO;
				CLANG_ANALYZER_NONNULL = YES;
				CLANG_CXX_LANGUAGE_STANDARD = "gnu++0x";
				CLANG_CXX_LIBRARY = "libc++";
				CLANG_ENABLE_MODULES = YES;
				CLANG_ENABLE_OBJC_ARC = YES;
				CLANG_WARN_BOOL_CONVERSION = YES;
				CLANG_WARN_CONSTANT_CONVERSION = YES;
				CLANG_WARN_DIRECT_OBJC_ISA_USAGE = YES_ERROR;
				CLANG_WARN_EMPTY_BODY = YES;
				CLANG_WARN_ENUM_CONVERSION = YES;
				CLANG_WARN_INT_CONVERSION = YES;
				CLANG_WARN_OBJC_ROOT_CLASS = YES_ERROR;
				CLANG_WARN_UNREACHABLE_CODE = YES;
				CLANG_WARN__DUPLICATE_METHOD_MATCH = YES;
				"CODE_SIGN_IDENTITY[sdk=iphoneos*]" = "iPhone Developer";
				COPY_PHASE_STRIP = NO;
				DEBUG_INFORMATION_FORMAT = dwarf;
				ENABLE_STRICT_OBJC_MSGSEND = YES;
				ENABLE_TESTABILITY = YES;
				GCC_C_LANGUAGE_STANDARD = gnu99;
				GCC_DYNAMIC_NO_PIC = NO;
				GCC_NO_COMMON_BLOCKS = YES;
				GCC_OPTIMIZATION_LEVEL = 0;
				GCC_PREPROCESSOR_DEFINITIONS = (
					"DEBUG=1",
					"$(inherited)",
				);
				GCC_WARN_64_TO_32_BIT_CONVERSION = YES;
				GCC_WARN_ABOUT_RETURN_TYPE = YES_ERROR;
				GCC_WARN_UNDECLARED_SELECTOR = YES;
				GCC_WARN_UNINITIALIZED_AUTOS = YES_AGGRESSIVE;
				GCC_WARN_UNUSED_FUNCTION = YES;
				GCC_WARN_UNUSED_VARIABLE = YES;
				IPHONEOS_DEPLOYMENT_TARGET = 9.3;
				MTL_ENABLE_DEBUG_INFO = YES;
				ONLY_ACTIVE_ARCH = YES;
				SDKROOT = iphoneos;
				SWIFT_OPTIMIZATION_LEVEL = "-Onone";
			};
			name = Debug;
		};
		F48D8E171D3627B3006A9300 /* Release */ = {
			isa = XCBuildConfiguration;
			buildSettings = {
				ALWAYS_SEARCH_USER_PATHS = NO;
				CLANG_ANALYZER_NONNULL = YES;
				CLANG_CXX_LANGUAGE_STANDARD = "gnu++0x";
				CLANG_CXX_LIBRARY = "libc++";
				CLANG_ENABLE_MODULES = YES;
				CLANG_ENABLE_OBJC_ARC = YES;
				CLANG_WARN_BOOL_CONVERSION = YES;
				CLANG_WARN_CONSTANT_CONVERSION = YES;
				CLANG_WARN_DIRECT_OBJC_ISA_USAGE = YES_ERROR;
				CLANG_WARN_EMPTY_BODY = YES;
				CLANG_WARN_ENUM_CONVERSION = YES;
				CLANG_WARN_INT_CONVERSION = YES;
				CLANG_WARN_OBJC_ROOT_CLASS = YES_ERROR;
				CLANG_WARN_UNREACHABLE_CODE = YES;
				CLANG_WARN__DUPLICATE_METHOD_MATCH = YES;
				"CODE_SIGN_IDENTITY[sdk=iphoneos*]" = "iPhone Developer";
				COPY_PHASE_STRIP = NO;
				DEBUG_INFORMATION_FORMAT = "dwarf-with-dsym";
				ENABLE_NS_ASSERTIONS = NO;
				ENABLE_STRICT_OBJC_MSGSEND = YES;
				GCC_C_LANGUAGE_STANDARD = gnu99;
				GCC_NO_COMMON_BLOCKS = YES;
				GCC_WARN_64_TO_32_BIT_CONVERSION = YES;
				GCC_WARN_ABOUT_RETURN_TYPE = YES_ERROR;
				GCC_WARN_UNDECLARED_SELECTOR = YES;
				GCC_WARN_UNINITIALIZED_AUTOS = YES_AGGRESSIVE;
				GCC_WARN_UNUSED_FUNCTION = YES;
				GCC_WARN_UNUSED_VARIABLE = YES;
				IPHONEOS_DEPLOYMENT_TARGET = 9.3;
				MTL_ENABLE_DEBUG_INFO = NO;
				SDKROOT = iphoneos;
				VALIDATE_PRODUCT = YES;
			};
			name = Release;
		};
		F48D8E191D3627B3006A9300 /* Debug */ = {
			isa = XCBuildConfiguration;
			buildSettings = {
				ASSETCATALOG_COMPILER_APPICON_NAME = AppIcon;
				INFOPLIST_FILE = MQTTSampleApp/Info.plist;
				IPHONEOS_DEPLOYMENT_TARGET = 8.0;
				LD_RUNPATH_SEARCH_PATHS = "$(inherited) @executable_path/Frameworks";
				PRODUCT_BUNDLE_IDENTIFIER = "com.voyager.mqtt-tomacruz.MQTTSampleApp";
				PRODUCT_NAME = "$(TARGET_NAME)";
			};
			name = Debug;
		};
		F48D8E1A1D3627B3006A9300 /* Release */ = {
			isa = XCBuildConfiguration;
			buildSettings = {
				ASSETCATALOG_COMPILER_APPICON_NAME = AppIcon;
				INFOPLIST_FILE = MQTTSampleApp/Info.plist;
				IPHONEOS_DEPLOYMENT_TARGET = 8.0;
				LD_RUNPATH_SEARCH_PATHS = "$(inherited) @executable_path/Frameworks";
				PRODUCT_BUNDLE_IDENTIFIER = "com.voyager.mqtt-tomacruz.MQTTSampleApp";
				PRODUCT_NAME = "$(TARGET_NAME)";
			};
			name = Release;
		};
		F48D8E1C1D3627B3006A9300 /* Debug */ = {
			isa = XCBuildConfiguration;
			buildSettings = {
				BUNDLE_LOADER = "$(TEST_HOST)";
				INFOPLIST_FILE = MQTTSampleAppTests/Info.plist;
				LD_RUNPATH_SEARCH_PATHS = "$(inherited) @executable_path/Frameworks @loader_path/Frameworks";
				PRODUCT_BUNDLE_IDENTIFIER = "com.voyager.mqtt-tomacruz.MQTTSampleAppTests";
				PRODUCT_NAME = "$(TARGET_NAME)";
				TEST_HOST = "$(BUILT_PRODUCTS_DIR)/MQTTSampleApp.app/MQTTSampleApp";
			};
			name = Debug;
		};
		F48D8E1D1D3627B3006A9300 /* Release */ = {
			isa = XCBuildConfiguration;
			buildSettings = {
				BUNDLE_LOADER = "$(TEST_HOST)";
				INFOPLIST_FILE = MQTTSampleAppTests/Info.plist;
				LD_RUNPATH_SEARCH_PATHS = "$(inherited) @executable_path/Frameworks @loader_path/Frameworks";
				PRODUCT_BUNDLE_IDENTIFIER = "com.voyager.mqtt-tomacruz.MQTTSampleAppTests";
				PRODUCT_NAME = "$(TARGET_NAME)";
				TEST_HOST = "$(BUILT_PRODUCTS_DIR)/MQTTSampleApp.app/MQTTSampleApp";
			};
			name = Release;
		};
/* End XCBuildConfiguration section */

/* Begin XCConfigurationList section */
		F48D8DF31D3627B3006A9300 /* Build configuration list for PBXProject "MQTTSampleApp" */ = {
			isa = XCConfigurationList;
			buildConfigurations = (
				F48D8E161D3627B3006A9300 /* Debug */,
				F48D8E171D3627B3006A9300 /* Release */,
			);
			defaultConfigurationIsVisible = 0;
			defaultConfigurationName = Release;
		};
		F48D8E181D3627B3006A9300 /* Build configuration list for PBXNativeTarget "MQTTSampleApp" */ = {
			isa = XCConfigurationList;
			buildConfigurations = (
				F48D8E191D3627B3006A9300 /* Debug */,
				F48D8E1A1D3627B3006A9300 /* Release */,
			);
			defaultConfigurationIsVisible = 0;
		};
		F48D8E1B1D3627B3006A9300 /* Build configuration list for PBXNativeTarget "MQTTSampleAppTests" */ = {
			isa = XCConfigurationList;
			buildConfigurations = (
				F48D8E1C1D3627B3006A9300 /* Debug */,
				F48D8E1D1D3627B3006A9300 /* Release */,
			);
			defaultConfigurationIsVisible = 0;
		};
/* End XCConfigurationList section */

/* Begin XCVersionGroup section */
		F48D8E021D3627B3006A9300 /* MQTTSampleApp.xcdatamodeld */ = {
			isa = XCVersionGroup;
			children = (
				F48D8E031D3627B3006A9300 /* MQTTSampleApp.xcdatamodel */,
			);
			currentVersion = F48D8E031D3627B3006A9300 /* MQTTSampleApp.xcdatamodel */;
			path = MQTTSampleApp.xcdatamodeld;
			sourceTree = "<group>";
			versionGroupType = wrapper.xcdatamodel;
		};
/* End XCVersionGroup section */
	};
	rootObject = F48D8DF01D3627B3006A9300 /* Project object */;
}
