// !$*UTF8*$!
{
	archiveVersion = 1;
	classes = {
	};
	objectVersion = 46;
	objects = {

/* Begin PBXBuildFile section */
		2EC0B92E7B4A2A3B7E75266C /* GE.plist in Sources */ = {isa = PBXBuildFile; fileRef = 7493E561AD3CE65CB05939FA /* GE.plist */; };
		322A0CA32A5B7AA7CB7E7094 /* Pods_MQTTCodenames.framework in Frameworks */ = {isa = PBXBuildFile; fileRef = C9202AE13FA5941E0C085A94 /* Pods_MQTTCodenames.framework */; };
		F43621A91D6DAE3000003DB5 /* MQTTMain.storyboard in Resources */ = {isa = PBXBuildFile; fileRef = F43621A71D6DAE3000003DB5 /* MQTTMain.storyboard */; };
		F43621AC1D6DAE3000003DB5 /* MQTTCodenames.xcdatamodeld in Sources */ = {isa = PBXBuildFile; fileRef = F43621AA1D6DAE3000003DB5 /* MQTTCodenames.xcdatamodeld */; };
		F43621AE1D6DAE3000003DB5 /* Assets.xcassets in Resources */ = {isa = PBXBuildFile; fileRef = F43621AD1D6DAE3000003DB5 /* Assets.xcassets */; };
		F43621B11D6DAE3000003DB5 /* LaunchScreen.storyboard in Resources */ = {isa = PBXBuildFile; fileRef = F43621AF1D6DAE3000003DB5 /* LaunchScreen.storyboard */; };
		F43621BC1D6DAE3000003DB5 /* MQTTCodenamesTests.swift in Sources */ = {isa = PBXBuildFile; fileRef = F43621BB1D6DAE3000003DB5 /* MQTTCodenamesTests.swift */; };
		F43621CC1D6DAF1300003DB5 /* MQTTAppDelegate.swift in Sources */ = {isa = PBXBuildFile; fileRef = F43621CB1D6DAF1300003DB5 /* MQTTAppDelegate.swift */; };
		F43621CF1D6DAF6D00003DB5 /* MQTTConfigurations.swift in Sources */ = {isa = PBXBuildFile; fileRef = F43621CD1D6DAF6D00003DB5 /* MQTTConfigurations.swift */; };
		F43621D01D6DAF6D00003DB5 /* MQTTConstants.swift in Sources */ = {isa = PBXBuildFile; fileRef = F43621CE1D6DAF6D00003DB5 /* MQTTConstants.swift */; };
		F43621D21D6DAF7800003DB5 /* MQTTInitialViewController.swift in Sources */ = {isa = PBXBuildFile; fileRef = F43621D11D6DAF7800003DB5 /* MQTTInitialViewController.swift */; };
		F43621D41D6DAFA100003DB5 /* MQTTManager.swift in Sources */ = {isa = PBXBuildFile; fileRef = F43621D31D6DAFA100003DB5 /* MQTTManager.swift */; };
		F47022351D76B1DF00F1C6D0 /* MQTTInitialViewModel.swift in Sources */ = {isa = PBXBuildFile; fileRef = F47022341D76B1DF00F1C6D0 /* MQTTInitialViewModel.swift */; };
		F4FD1F5B1D76E1AF0097D09E /* MQTTRoomViewController.swift in Sources */ = {isa = PBXBuildFile; fileRef = F4FD1F5A1D76E1AF0097D09E /* MQTTRoomViewController.swift */; };
		F4FD1F5D1D76E2C70097D09E /* MQTTRoomViewModel.swift in Sources */ = {isa = PBXBuildFile; fileRef = F4FD1F5C1D76E2C70097D09E /* MQTTRoomViewModel.swift */; };
		F4FD1F5F1D7743CF0097D09E /* MQTTRoomListViewModel.swift in Sources */ = {isa = PBXBuildFile; fileRef = F4FD1F5E1D7743CF0097D09E /* MQTTRoomListViewModel.swift */; };
		F4FD1F611D7743DE0097D09E /* MQTTRoomListViewController.swift in Sources */ = {isa = PBXBuildFile; fileRef = F4FD1F601D7743DE0097D09E /* MQTTRoomListViewController.swift */; };
		F4FD1F631D77675E0097D09E /* MessageModelPropagateProtocol.swift in Sources */ = {isa = PBXBuildFile; fileRef = F4FD1F621D77675E0097D09E /* MessageModelPropagateProtocol.swift */; };
/* End PBXBuildFile section */

/* Begin PBXContainerItemProxy section */
		F43621B81D6DAE3000003DB5 /* PBXContainerItemProxy */ = {
			isa = PBXContainerItemProxy;
			containerPortal = F43621981D6DAE2F00003DB5 /* Project object */;
			proxyType = 1;
			remoteGlobalIDString = F436219F1D6DAE3000003DB5;
			remoteInfo = MQTTCodenames;
		};
/* End PBXContainerItemProxy section */

/* Begin PBXFileReference section */
		372C9E0A5EEDFF5E362A4115 /* MQTTCodenames-GE.plist */ = {isa = PBXFileReference; includeInIndex = 1; lastKnownFileType = text.plist.xml; name = "MQTTCodenames-GE.plist"; path = "VoyagerGE/MQTTCodenames-GE.plist"; sourceTree = "<group>"; };
		7493E561AD3CE65CB05939FA /* GE.plist */ = {isa = PBXFileReference; includeInIndex = 1; lastKnownFileType = text.plist.xml; name = GE.plist; path = VoyagerGE/GE.plist; sourceTree = "<group>"; };
		99BC898AB8222CC270D0A0E4 /* Pods-MQTTCodenames.debug.xcconfig */ = {isa = PBXFileReference; includeInIndex = 1; lastKnownFileType = text.xcconfig; name = "Pods-MQTTCodenames.debug.xcconfig"; path = "Pods/Target Support Files/Pods-MQTTCodenames/Pods-MQTTCodenames.debug.xcconfig"; sourceTree = "<group>"; };
		A5B951BD610208FEC0D720B0 /* Pods-MQTTCodenames.release.xcconfig */ = {isa = PBXFileReference; includeInIndex = 1; lastKnownFileType = text.xcconfig; name = "Pods-MQTTCodenames.release.xcconfig"; path = "Pods/Target Support Files/Pods-MQTTCodenames/Pods-MQTTCodenames.release.xcconfig"; sourceTree = "<group>"; };
		C9202AE13FA5941E0C085A94 /* Pods_MQTTCodenames.framework */ = {isa = PBXFileReference; explicitFileType = wrapper.framework; includeInIndex = 0; path = Pods_MQTTCodenames.framework; sourceTree = BUILT_PRODUCTS_DIR; };
		F43621A01D6DAE3000003DB5 /* MQTTCodenames.app */ = {isa = PBXFileReference; explicitFileType = wrapper.application; includeInIndex = 0; path = MQTTCodenames.app; sourceTree = BUILT_PRODUCTS_DIR; };
		F43621A81D6DAE3000003DB5 /* Base */ = {isa = PBXFileReference; lastKnownFileType = file.storyboard; name = Base; path = Base.lproj/MQTTMain.storyboard; sourceTree = "<group>"; };
		F43621AB1D6DAE3000003DB5 /* MQTTCodenames.xcdatamodel */ = {isa = PBXFileReference; lastKnownFileType = wrapper.xcdatamodel; path = MQTTCodenames.xcdatamodel; sourceTree = "<group>"; };
		F43621AD1D6DAE3000003DB5 /* Assets.xcassets */ = {isa = PBXFileReference; lastKnownFileType = folder.assetcatalog; path = Assets.xcassets; sourceTree = "<group>"; };
		F43621B01D6DAE3000003DB5 /* Base */ = {isa = PBXFileReference; lastKnownFileType = file.storyboard; name = Base; path = Base.lproj/LaunchScreen.storyboard; sourceTree = "<group>"; };
		F43621B21D6DAE3000003DB5 /* Info.plist */ = {isa = PBXFileReference; lastKnownFileType = text.plist.xml; path = Info.plist; sourceTree = "<group>"; };
		F43621B71D6DAE3000003DB5 /* MQTTCodenamesTests.xctest */ = {isa = PBXFileReference; explicitFileType = wrapper.cfbundle; includeInIndex = 0; path = MQTTCodenamesTests.xctest; sourceTree = BUILT_PRODUCTS_DIR; };
		F43621BB1D6DAE3000003DB5 /* MQTTCodenamesTests.swift */ = {isa = PBXFileReference; lastKnownFileType = sourcecode.swift; path = MQTTCodenamesTests.swift; sourceTree = "<group>"; };
		F43621BD1D6DAE3000003DB5 /* Info.plist */ = {isa = PBXFileReference; lastKnownFileType = text.plist.xml; path = Info.plist; sourceTree = "<group>"; };
		F43621CB1D6DAF1300003DB5 /* MQTTAppDelegate.swift */ = {isa = PBXFileReference; fileEncoding = 4; lastKnownFileType = sourcecode.swift; path = MQTTAppDelegate.swift; sourceTree = "<group>"; };
		F43621CD1D6DAF6D00003DB5 /* MQTTConfigurations.swift */ = {isa = PBXFileReference; fileEncoding = 4; lastKnownFileType = sourcecode.swift; path = MQTTConfigurations.swift; sourceTree = "<group>"; };
		F43621CE1D6DAF6D00003DB5 /* MQTTConstants.swift */ = {isa = PBXFileReference; fileEncoding = 4; lastKnownFileType = sourcecode.swift; path = MQTTConstants.swift; sourceTree = "<group>"; };
		F43621D11D6DAF7800003DB5 /* MQTTInitialViewController.swift */ = {isa = PBXFileReference; fileEncoding = 4; lastKnownFileType = sourcecode.swift; path = MQTTInitialViewController.swift; sourceTree = "<group>"; };
		F43621D31D6DAFA100003DB5 /* MQTTManager.swift */ = {isa = PBXFileReference; fileEncoding = 4; lastKnownFileType = sourcecode.swift; path = MQTTManager.swift; sourceTree = "<group>"; };
		F47022341D76B1DF00F1C6D0 /* MQTTInitialViewModel.swift */ = {isa = PBXFileReference; fileEncoding = 4; lastKnownFileType = sourcecode.swift; path = MQTTInitialViewModel.swift; sourceTree = "<group>"; };
		F4FD1F5A1D76E1AF0097D09E /* MQTTRoomViewController.swift */ = {isa = PBXFileReference; fileEncoding = 4; lastKnownFileType = sourcecode.swift; path = MQTTRoomViewController.swift; sourceTree = "<group>"; };
		F4FD1F5C1D76E2C70097D09E /* MQTTRoomViewModel.swift */ = {isa = PBXFileReference; fileEncoding = 4; lastKnownFileType = sourcecode.swift; path = MQTTRoomViewModel.swift; sourceTree = "<group>"; };
		F4FD1F5E1D7743CF0097D09E /* MQTTRoomListViewModel.swift */ = {isa = PBXFileReference; fileEncoding = 4; lastKnownFileType = sourcecode.swift; path = MQTTRoomListViewModel.swift; sourceTree = "<group>"; };
		F4FD1F601D7743DE0097D09E /* MQTTRoomListViewController.swift */ = {isa = PBXFileReference; fileEncoding = 4; lastKnownFileType = sourcecode.swift; path = MQTTRoomListViewController.swift; sourceTree = "<group>"; };
		F4FD1F621D77675E0097D09E /* MessageModelPropagateProtocol.swift */ = {isa = PBXFileReference; fileEncoding = 4; lastKnownFileType = sourcecode.swift; path = MessageModelPropagateProtocol.swift; sourceTree = "<group>"; };
/* End PBXFileReference section */

/* Begin PBXFrameworksBuildPhase section */
		F436219D1D6DAE3000003DB5 /* Frameworks */ = {
			isa = PBXFrameworksBuildPhase;
			buildActionMask = 2147483647;
			files = (
				322A0CA32A5B7AA7CB7E7094 /* Pods_MQTTCodenames.framework in Frameworks */,
			);
			runOnlyForDeploymentPostprocessing = 0;
		};
		F43621B41D6DAE3000003DB5 /* Frameworks */ = {
			isa = PBXFrameworksBuildPhase;
			buildActionMask = 2147483647;
			files = (
			);
			runOnlyForDeploymentPostprocessing = 0;
		};
/* End PBXFrameworksBuildPhase section */

/* Begin PBXGroup section */
		807C89BCBA5625540CC9356A /* Frameworks */ = {
			isa = PBXGroup;
			children = (
				C9202AE13FA5941E0C085A94 /* Pods_MQTTCodenames.framework */,
			);
			name = Frameworks;
			sourceTree = "<group>";
		};
		8FDE05FE3663A092B1B21221 /* VoyagerGE */ = {
			isa = PBXGroup;
			children = (
				7493E561AD3CE65CB05939FA /* GE.plist */,
				372C9E0A5EEDFF5E362A4115 /* MQTTCodenames-GE.plist */,
			);
			name = VoyagerGE;
			sourceTree = "<group>";
		};
		F43621971D6DAE2F00003DB5 = {
			isa = PBXGroup;
			children = (
				F43621A21D6DAE3000003DB5 /* MQTTCodenames */,
				F43621BA1D6DAE3000003DB5 /* MQTTCodenamesTests */,
				F43621A11D6DAE3000003DB5 /* Products */,
				F60CFFFEF21AED4684C48A47 /* Pods */,
				807C89BCBA5625540CC9356A /* Frameworks */,
				8FDE05FE3663A092B1B21221 /* VoyagerGE */,
			);
			sourceTree = "<group>";
		};
		F43621A11D6DAE3000003DB5 /* Products */ = {
			isa = PBXGroup;
			children = (
				F43621A01D6DAE3000003DB5 /* MQTTCodenames.app */,
				F43621B71D6DAE3000003DB5 /* MQTTCodenamesTests.xctest */,
			);
			name = Products;
			sourceTree = "<group>";
		};
		F43621A21D6DAE3000003DB5 /* MQTTCodenames */ = {
			isa = PBXGroup;
			children = (
				F43621CB1D6DAF1300003DB5 /* MQTTAppDelegate.swift */,
				F43621C61D6DAEC000003DB5 /* Constants */,
				F43621C71D6DAEC900003DB5 /* View Controllers */,
				F47022331D76B1BE00F1C6D0 /* View Models */,
				F43621C81D6DAED300003DB5 /* Views */,
				F43621C91D6DAED900003DB5 /* Utilities */,
				F43621CA1D6DAEE300003DB5 /* Supporting Files */,
			);
			path = MQTTCodenames;
			sourceTree = "<group>";
		};
		F43621BA1D6DAE3000003DB5 /* MQTTCodenamesTests */ = {
			isa = PBXGroup;
			children = (
				F43621BB1D6DAE3000003DB5 /* MQTTCodenamesTests.swift */,
				F43621BD1D6DAE3000003DB5 /* Info.plist */,
			);
			path = MQTTCodenamesTests;
			sourceTree = "<group>";
		};
		F43621C61D6DAEC000003DB5 /* Constants */ = {
			isa = PBXGroup;
			children = (
				F43621CE1D6DAF6D00003DB5 /* MQTTConstants.swift */,
				F43621CD1D6DAF6D00003DB5 /* MQTTConfigurations.swift */,
			);
			name = Constants;
			sourceTree = "<group>";
		};
		F43621C71D6DAEC900003DB5 /* View Controllers */ = {
			isa = PBXGroup;
			children = (
				F43621D11D6DAF7800003DB5 /* MQTTInitialViewController.swift */,
				F4FD1F5A1D76E1AF0097D09E /* MQTTRoomViewController.swift */,
				F4FD1F601D7743DE0097D09E /* MQTTRoomListViewController.swift */,
			);
			name = "View Controllers";
			sourceTree = "<group>";
		};
		F43621C81D6DAED300003DB5 /* Views */ = {
			isa = PBXGroup;
			children = (
				F43621A71D6DAE3000003DB5 /* MQTTMain.storyboard */,
			);
			name = Views;
			sourceTree = "<group>";
		};
		F43621C91D6DAED900003DB5 /* Utilities */ = {
			isa = PBXGroup;
			children = (
				F43621D31D6DAFA100003DB5 /* MQTTManager.swift */,
				F4FD1F621D77675E0097D09E /* MessageModelPropagateProtocol.swift */,
			);
			name = Utilities;
			sourceTree = "<group>";
		};
		F43621CA1D6DAEE300003DB5 /* Supporting Files */ = {
			isa = PBXGroup;
			children = (
				F43621AD1D6DAE3000003DB5 /* Assets.xcassets */,
				F43621AF1D6DAE3000003DB5 /* LaunchScreen.storyboard */,
				F43621B21D6DAE3000003DB5 /* Info.plist */,
				F43621AA1D6DAE3000003DB5 /* MQTTCodenames.xcdatamodeld */,
			);
			name = "Supporting Files";
			sourceTree = "<group>";
		};
		F47022331D76B1BE00F1C6D0 /* View Models */ = {
			isa = PBXGroup;
			children = (
				F47022341D76B1DF00F1C6D0 /* MQTTInitialViewModel.swift */,
				F4FD1F5C1D76E2C70097D09E /* MQTTRoomViewModel.swift */,
				F4FD1F5E1D7743CF0097D09E /* MQTTRoomListViewModel.swift */,
			);
			name = "View Models";
			sourceTree = "<group>";
		};
		F60CFFFEF21AED4684C48A47 /* Pods */ = {
			isa = PBXGroup;
			children = (
				99BC898AB8222CC270D0A0E4 /* Pods-MQTTCodenames.debug.xcconfig */,
				A5B951BD610208FEC0D720B0 /* Pods-MQTTCodenames.release.xcconfig */,
			);
			name = Pods;
			sourceTree = "<group>";
		};
/* End PBXGroup section */

/* Begin PBXNativeTarget section */
		F436219F1D6DAE3000003DB5 /* MQTTCodenames */ = {
			isa = PBXNativeTarget;
			buildConfigurationList = F43621C01D6DAE3000003DB5 /* Build configuration list for PBXNativeTarget "MQTTCodenames" */;
			buildPhases = (
				0F16D2FEBCFFFAD3D39E76E6 /* VoyagerGenericEncryption */,
				D4DEDBD5E305E2E12ED64E3C /* [CP] Check Pods Manifest.lock */,
				F436219C1D6DAE3000003DB5 /* Sources */,
				F436219D1D6DAE3000003DB5 /* Frameworks */,
				F436219E1D6DAE3000003DB5 /* Resources */,
				2AF32D3C767A5D3E14B8C957 /* [CP] Embed Pods Frameworks */,
				36E5FD10385949EE91C8DB07 /* [CP] Copy Pods Resources */,
			);
			buildRules = (
			);
			dependencies = (
			);
			name = MQTTCodenames;
			productName = MQTTCodenames;
			productReference = F43621A01D6DAE3000003DB5 /* MQTTCodenames.app */;
			productType = "com.apple.product-type.application";
		};
		F43621B61D6DAE3000003DB5 /* MQTTCodenamesTests */ = {
			isa = PBXNativeTarget;
			buildConfigurationList = F43621C31D6DAE3000003DB5 /* Build configuration list for PBXNativeTarget "MQTTCodenamesTests" */;
			buildPhases = (
				F43621B31D6DAE3000003DB5 /* Sources */,
				F43621B41D6DAE3000003DB5 /* Frameworks */,
				F43621B51D6DAE3000003DB5 /* Resources */,
			);
			buildRules = (
			);
			dependencies = (
				F43621B91D6DAE3000003DB5 /* PBXTargetDependency */,
			);
			name = MQTTCodenamesTests;
			productName = MQTTCodenamesTests;
			productReference = F43621B71D6DAE3000003DB5 /* MQTTCodenamesTests.xctest */;
			productType = "com.apple.product-type.bundle.unit-test";
		};
/* End PBXNativeTarget section */

/* Begin PBXProject section */
		F43621981D6DAE2F00003DB5 /* Project object */ = {
			isa = PBXProject;
			attributes = {
				LastSwiftUpdateCheck = 0730;
				LastUpgradeCheck = 0730;
				ORGANIZATIONNAME = "Voyager Innovations Inc.";
				TargetAttributes = {
					F436219F1D6DAE3000003DB5 = {
						CreatedOnToolsVersion = 7.3.1;
					};
					F43621B61D6DAE3000003DB5 = {
						CreatedOnToolsVersion = 7.3.1;
						TestTargetID = F436219F1D6DAE3000003DB5;
					};
				};
			};
			buildConfigurationList = F436219B1D6DAE2F00003DB5 /* Build configuration list for PBXProject "MQTTCodenames" */;
			compatibilityVersion = "Xcode 3.2";
			developmentRegion = English;
			hasScannedForEncodings = 0;
			knownRegions = (
				en,
				Base,
			);
			mainGroup = F43621971D6DAE2F00003DB5;
			productRefGroup = F43621A11D6DAE3000003DB5 /* Products */;
			projectDirPath = "";
			projectRoot = "";
			targets = (
				F436219F1D6DAE3000003DB5 /* MQTTCodenames */,
				F43621B61D6DAE3000003DB5 /* MQTTCodenamesTests */,
			);
		};
/* End PBXProject section */

/* Begin PBXResourcesBuildPhase section */
		F436219E1D6DAE3000003DB5 /* Resources */ = {
			isa = PBXResourcesBuildPhase;
			buildActionMask = 2147483647;
			files = (
				F43621B11D6DAE3000003DB5 /* LaunchScreen.storyboard in Resources */,
				F43621AE1D6DAE3000003DB5 /* Assets.xcassets in Resources */,
				F43621A91D6DAE3000003DB5 /* MQTTMain.storyboard in Resources */,
			);
			runOnlyForDeploymentPostprocessing = 0;
		};
		F43621B51D6DAE3000003DB5 /* Resources */ = {
			isa = PBXResourcesBuildPhase;
			buildActionMask = 2147483647;
			files = (
			);
			runOnlyForDeploymentPostprocessing = 0;
		};
/* End PBXResourcesBuildPhase section */

/* Begin PBXShellScriptBuildPhase section */
		0F16D2FEBCFFFAD3D39E76E6 /* VoyagerGenericEncryption */ = {
			isa = PBXShellScriptBuildPhase;
			buildActionMask = 2147483647;
			files = (
			);
			inputPaths = (
			);
			name = VoyagerGenericEncryption;
			outputPaths = (
			);
			runOnlyForDeploymentPostprocessing = 0;
			shellPath = /bin/sh;
			shellScript = "ruby \"${PODS_ROOT}\"/VoyagerGenericEncryptionSDK/VoyagerGenericEncryption/encrypt.rb";
		};
		2AF32D3C767A5D3E14B8C957 /* [CP] Embed Pods Frameworks */ = {
			isa = PBXShellScriptBuildPhase;
			buildActionMask = 2147483647;
			files = (
			);
			inputPaths = (
			);
			name = "[CP] Embed Pods Frameworks";
			outputPaths = (
			);
			runOnlyForDeploymentPostprocessing = 0;
			shellPath = /bin/sh;
			shellScript = "\"${SRCROOT}/Pods/Target Support Files/Pods-MQTTCodenames/Pods-MQTTCodenames-frameworks.sh\"\n";
			showEnvVarsInLog = 0;
		};
		36E5FD10385949EE91C8DB07 /* [CP] Copy Pods Resources */ = {
			isa = PBXShellScriptBuildPhase;
			buildActionMask = 2147483647;
			files = (
			);
			inputPaths = (
			);
			name = "[CP] Copy Pods Resources";
			outputPaths = (
			);
			runOnlyForDeploymentPostprocessing = 0;
			shellPath = /bin/sh;
			shellScript = "\"${SRCROOT}/Pods/Target Support Files/Pods-MQTTCodenames/Pods-MQTTCodenames-resources.sh\"\n";
			showEnvVarsInLog = 0;
		};
		D4DEDBD5E305E2E12ED64E3C /* [CP] Check Pods Manifest.lock */ = {
			isa = PBXShellScriptBuildPhase;
			buildActionMask = 2147483647;
			files = (
			);
			inputPaths = (
			);
			name = "[CP] Check Pods Manifest.lock";
			outputPaths = (
			);
			runOnlyForDeploymentPostprocessing = 0;
			shellPath = /bin/sh;
			shellScript = "diff \"${PODS_ROOT}/../Podfile.lock\" \"${PODS_ROOT}/Manifest.lock\" > /dev/null\nif [[ $? != 0 ]] ; then\n    cat << EOM\nerror: The sandbox is not in sync with the Podfile.lock. Run 'pod install' or update your CocoaPods installation.\nEOM\n    exit 1\nfi\n";
			showEnvVarsInLog = 0;
		};
/* End PBXShellScriptBuildPhase section */

/* Begin PBXSourcesBuildPhase section */
		F436219C1D6DAE3000003DB5 /* Sources */ = {
			isa = PBXSourcesBuildPhase;
			buildActionMask = 2147483647;
			files = (
				F43621CF1D6DAF6D00003DB5 /* MQTTConfigurations.swift in Sources */,
				F47022351D76B1DF00F1C6D0 /* MQTTInitialViewModel.swift in Sources */,
				F43621D41D6DAFA100003DB5 /* MQTTManager.swift in Sources */,
				F43621D01D6DAF6D00003DB5 /* MQTTConstants.swift in Sources */,
				F43621CC1D6DAF1300003DB5 /* MQTTAppDelegate.swift in Sources */,
				F43621D21D6DAF7800003DB5 /* MQTTInitialViewController.swift in Sources */,
				F4FD1F631D77675E0097D09E /* MessageModelPropagateProtocol.swift in Sources */,
				F4FD1F611D7743DE0097D09E /* MQTTRoomListViewController.swift in Sources */,
				F4FD1F5B1D76E1AF0097D09E /* MQTTRoomViewController.swift in Sources */,
				F4FD1F5D1D76E2C70097D09E /* MQTTRoomViewModel.swift in Sources */,
				F43621AC1D6DAE3000003DB5 /* MQTTCodenames.xcdatamodeld in Sources */,
				2EC0B92E7B4A2A3B7E75266C /* GE.plist in Sources */,
				F4FD1F5F1D7743CF0097D09E /* MQTTRoomListViewModel.swift in Sources */,
			);
			runOnlyForDeploymentPostprocessing = 0;
		};
		F43621B31D6DAE3000003DB5 /* Sources */ = {
			isa = PBXSourcesBuildPhase;
			buildActionMask = 2147483647;
			files = (
				F43621BC1D6DAE3000003DB5 /* MQTTCodenamesTests.swift in Sources */,
			);
			runOnlyForDeploymentPostprocessing = 0;
		};
/* End PBXSourcesBuildPhase section */

/* Begin PBXTargetDependency section */
		F43621B91D6DAE3000003DB5 /* PBXTargetDependency */ = {
			isa = PBXTargetDependency;
			target = F436219F1D6DAE3000003DB5 /* MQTTCodenames */;
			targetProxy = F43621B81D6DAE3000003DB5 /* PBXContainerItemProxy */;
		};
/* End PBXTargetDependency section */

/* Begin PBXVariantGroup section */
		F43621A71D6DAE3000003DB5 /* MQTTMain.storyboard */ = {
			isa = PBXVariantGroup;
			children = (
				F43621A81D6DAE3000003DB5 /* Base */,
			);
			name = MQTTMain.storyboard;
			sourceTree = "<group>";
		};
		F43621AF1D6DAE3000003DB5 /* LaunchScreen.storyboard */ = {
			isa = PBXVariantGroup;
			children = (
				F43621B01D6DAE3000003DB5 /* Base */,
			);
			name = LaunchScreen.storyboard;
			sourceTree = "<group>";
		};
/* End PBXVariantGroup section */

/* Begin XCBuildConfiguration section */
		F43621BE1D6DAE3000003DB5 /* Debug */ = {
			isa = XCBuildConfiguration;
			buildSettings = {
				ALWAYS_SEARCH_USER_PATHS = NO;
				CLANG_ANALYZER_NONNULL = YES;
				CLANG_CXX_LANGUAGE_STANDARD = "gnu++0x";
				CLANG_CXX_LIBRARY = "libc++";
				CLANG_ENABLE_MODULES = YES;
				CLANG_ENABLE_OBJC_ARC = YES;
				CLANG_WARN_BOOL_CONVERSION = YES;
				CLANG_WARN_CONSTANT_CONVERSION = YES;
				CLANG_WARN_DIRECT_OBJC_ISA_USAGE = YES_ERROR;
				CLANG_WARN_EMPTY_BODY = YES;
				CLANG_WARN_ENUM_CONVERSION = YES;
				CLANG_WARN_INT_CONVERSION = YES;
				CLANG_WARN_OBJC_ROOT_CLASS = YES_ERROR;
				CLANG_WARN_UNREACHABLE_CODE = YES;
				CLANG_WARN__DUPLICATE_METHOD_MATCH = YES;
				"CODE_SIGN_IDENTITY[sdk=iphoneos*]" = "iPhone Developer";
				COPY_PHASE_STRIP = NO;
				DEBUG_INFORMATION_FORMAT = dwarf;
				ENABLE_STRICT_OBJC_MSGSEND = YES;
				ENABLE_TESTABILITY = YES;
				GCC_C_LANGUAGE_STANDARD = gnu99;
				GCC_DYNAMIC_NO_PIC = NO;
				GCC_NO_COMMON_BLOCKS = YES;
				GCC_OPTIMIZATION_LEVEL = 0;
				GCC_PREPROCESSOR_DEFINITIONS = (
					"DEBUG=1",
					"$(inherited)",
				);
				GCC_WARN_64_TO_32_BIT_CONVERSION = YES;
				GCC_WARN_ABOUT_RETURN_TYPE = YES_ERROR;
				GCC_WARN_UNDECLARED_SELECTOR = YES;
				GCC_WARN_UNINITIALIZED_AUTOS = YES_AGGRESSIVE;
				GCC_WARN_UNUSED_FUNCTION = YES;
				GCC_WARN_UNUSED_VARIABLE = YES;
				IPHONEOS_DEPLOYMENT_TARGET = 9.3;
				MTL_ENABLE_DEBUG_INFO = YES;
				ONLY_ACTIVE_ARCH = YES;
				SDKROOT = iphoneos;
				SWIFT_OPTIMIZATION_LEVEL = "-Onone";
			};
			name = Debug;
		};
		F43621BF1D6DAE3000003DB5 /* Release */ = {
			isa = XCBuildConfiguration;
			buildSettings = {
				ALWAYS_SEARCH_USER_PATHS = NO;
				CLANG_ANALYZER_NONNULL = YES;
				CLANG_CXX_LANGUAGE_STANDARD = "gnu++0x";
				CLANG_CXX_LIBRARY = "libc++";
				CLANG_ENABLE_MODULES = YES;
				CLANG_ENABLE_OBJC_ARC = YES;
				CLANG_WARN_BOOL_CONVERSION = YES;
				CLANG_WARN_CONSTANT_CONVERSION = YES;
				CLANG_WARN_DIRECT_OBJC_ISA_USAGE = YES_ERROR;
				CLANG_WARN_EMPTY_BODY = YES;
				CLANG_WARN_ENUM_CONVERSION = YES;
				CLANG_WARN_INT_CONVERSION = YES;
				CLANG_WARN_OBJC_ROOT_CLASS = YES_ERROR;
				CLANG_WARN_UNREACHABLE_CODE = YES;
				CLANG_WARN__DUPLICATE_METHOD_MATCH = YES;
				"CODE_SIGN_IDENTITY[sdk=iphoneos*]" = "iPhone Developer";
				COPY_PHASE_STRIP = NO;
				DEBUG_INFORMATION_FORMAT = "dwarf-with-dsym";
				ENABLE_NS_ASSERTIONS = NO;
				ENABLE_STRICT_OBJC_MSGSEND = YES;
				GCC_C_LANGUAGE_STANDARD = gnu99;
				GCC_NO_COMMON_BLOCKS = YES;
				GCC_WARN_64_TO_32_BIT_CONVERSION = YES;
				GCC_WARN_ABOUT_RETURN_TYPE = YES_ERROR;
				GCC_WARN_UNDECLARED_SELECTOR = YES;
				GCC_WARN_UNINITIALIZED_AUTOS = YES_AGGRESSIVE;
				GCC_WARN_UNUSED_FUNCTION = YES;
				GCC_WARN_UNUSED_VARIABLE = YES;
				IPHONEOS_DEPLOYMENT_TARGET = 9.3;
				MTL_ENABLE_DEBUG_INFO = NO;
				SDKROOT = iphoneos;
				VALIDATE_PRODUCT = YES;
			};
			name = Release;
		};
		F43621C11D6DAE3000003DB5 /* Debug */ = {
			isa = XCBuildConfiguration;
			baseConfigurationReference = 99BC898AB8222CC270D0A0E4 /* Pods-MQTTCodenames.debug.xcconfig */;
			buildSettings = {
				ASSETCATALOG_COMPILER_APPICON_NAME = AppIcon;
				CLANG_ENABLE_MODULES = YES;
				INFOPLIST_FILE = MQTTCodenames/Info.plist;
				IPHONEOS_DEPLOYMENT_TARGET = 8.0;
				LD_RUNPATH_SEARCH_PATHS = "$(inherited) @executable_path/Frameworks";
				PRODUCT_BUNDLE_IDENTIFIER = com.voyager.mqtt.tomacruz.codenames.MQTTCodenames;
				PRODUCT_NAME = "$(TARGET_NAME)";
				SWIFT_OPTIMIZATION_LEVEL = "-Onone";
			};
			name = Debug;
		};
		F43621C21D6DAE3000003DB5 /* Release */ = {
			isa = XCBuildConfiguration;
			baseConfigurationReference = A5B951BD610208FEC0D720B0 /* Pods-MQTTCodenames.release.xcconfig */;
			buildSettings = {
				ASSETCATALOG_COMPILER_APPICON_NAME = AppIcon;
				CLANG_ENABLE_MODULES = YES;
				INFOPLIST_FILE = MQTTCodenames/Info.plist;
				IPHONEOS_DEPLOYMENT_TARGET = 8.0;
				LD_RUNPATH_SEARCH_PATHS = "$(inherited) @executable_path/Frameworks";
				PRODUCT_BUNDLE_IDENTIFIER = com.voyager.mqtt.tomacruz.codenames.MQTTCodenames;
				PRODUCT_NAME = "$(TARGET_NAME)";
			};
			name = Release;
		};
		F43621C41D6DAE3000003DB5 /* Debug */ = {
			isa = XCBuildConfiguration;
			buildSettings = {
				BUNDLE_LOADER = "$(TEST_HOST)";
				INFOPLIST_FILE = MQTTCodenamesTests/Info.plist;
				LD_RUNPATH_SEARCH_PATHS = "$(inherited) @executable_path/Frameworks @loader_path/Frameworks";
				PRODUCT_BUNDLE_IDENTIFIER = com.voyager.mqtt.tomacruz.codenames.MQTTCodenamesTests;
				PRODUCT_NAME = "$(TARGET_NAME)";
				TEST_HOST = "$(BUILT_PRODUCTS_DIR)/MQTTCodenames.app/MQTTCodenames";
			};
			name = Debug;
		};
		F43621C51D6DAE3000003DB5 /* Release */ = {
			isa = XCBuildConfiguration;
			buildSettings = {
				BUNDLE_LOADER = "$(TEST_HOST)";
				INFOPLIST_FILE = MQTTCodenamesTests/Info.plist;
				LD_RUNPATH_SEARCH_PATHS = "$(inherited) @executable_path/Frameworks @loader_path/Frameworks";
				PRODUCT_BUNDLE_IDENTIFIER = com.voyager.mqtt.tomacruz.codenames.MQTTCodenamesTests;
				PRODUCT_NAME = "$(TARGET_NAME)";
				TEST_HOST = "$(BUILT_PRODUCTS_DIR)/MQTTCodenames.app/MQTTCodenames";
			};
			name = Release;
		};
/* End XCBuildConfiguration section */

/* Begin XCConfigurationList section */
		F436219B1D6DAE2F00003DB5 /* Build configuration list for PBXProject "MQTTCodenames" */ = {
			isa = XCConfigurationList;
			buildConfigurations = (
				F43621BE1D6DAE3000003DB5 /* Debug */,
				F43621BF1D6DAE3000003DB5 /* Release */,
			);
			defaultConfigurationIsVisible = 0;
			defaultConfigurationName = Release;
		};
		F43621C01D6DAE3000003DB5 /* Build configuration list for PBXNativeTarget "MQTTCodenames" */ = {
			isa = XCConfigurationList;
			buildConfigurations = (
				F43621C11D6DAE3000003DB5 /* Debug */,
				F43621C21D6DAE3000003DB5 /* Release */,
			);
			defaultConfigurationIsVisible = 0;
			defaultConfigurationName = Release;
		};
		F43621C31D6DAE3000003DB5 /* Build configuration list for PBXNativeTarget "MQTTCodenamesTests" */ = {
			isa = XCConfigurationList;
			buildConfigurations = (
				F43621C41D6DAE3000003DB5 /* Debug */,
				F43621C51D6DAE3000003DB5 /* Release */,
			);
			defaultConfigurationIsVisible = 0;
			defaultConfigurationName = Release;
		};
/* End XCConfigurationList section */

/* Begin XCVersionGroup section */
		F43621AA1D6DAE3000003DB5 /* MQTTCodenames.xcdatamodeld */ = {
			isa = XCVersionGroup;
			children = (
				F43621AB1D6DAE3000003DB5 /* MQTTCodenames.xcdatamodel */,
			);
			currentVersion = F43621AB1D6DAE3000003DB5 /* MQTTCodenames.xcdatamodel */;
			path = MQTTCodenames.xcdatamodeld;
			sourceTree = "<group>";
			versionGroupType = wrapper.xcdatamodel;
		};
/* End XCVersionGroup section */
	};
	rootObject = F43621981D6DAE2F00003DB5 /* Project object */;
}
